// !$*UTF8*$!
{
	archiveVersion = 1;
	classes = {
	};
	objectVersion = 50;
	objects = {

/* Begin PBXBuildFile section */
		1441139C25159B01008CB387 /* FructusApp.swift in Sources */ = {isa = PBXBuildFile; fileRef = 1441139B25159B01008CB387 /* FructusApp.swift */; };
		1441139E25159B01008CB387 /* ContentView.swift in Sources */ = {isa = PBXBuildFile; fileRef = 1441139D25159B01008CB387 /* ContentView.swift */; };
		144113A025159B02008CB387 /* Assets.xcassets in Resources */ = {isa = PBXBuildFile; fileRef = 1441139F25159B02008CB387 /* Assets.xcassets */; };
		144113A325159B02008CB387 /* Preview Assets.xcassets in Resources */ = {isa = PBXBuildFile; fileRef = 144113A225159B02008CB387 /* Preview Assets.xcassets */; };
		144113B025159F2B008CB387 /* FruitCardView.swift in Sources */ = {isa = PBXBuildFile; fileRef = 144113AF25159F2B008CB387 /* FruitCardView.swift */; };
		144113B42515A2D4008CB387 /* StartButtonView.swift in Sources */ = {isa = PBXBuildFile; fileRef = 144113B32515A2D4008CB387 /* StartButtonView.swift */; };
		144113B72515A5E1008CB387 /* OnboardingView.swift in Sources */ = {isa = PBXBuildFile; fileRef = 144113B62515A5E1008CB387 /* OnboardingView.swift */; };
		144113BC2515A7FE008CB387 /* FruitModel.swift in Sources */ = {isa = PBXBuildFile; fileRef = 144113BB2515A7FE008CB387 /* FruitModel.swift */; };
		144113C12515A8E1008CB387 /* FruitData.swift in Sources */ = {isa = PBXBuildFile; fileRef = 144113C02515A8E1008CB387 /* FruitData.swift */; };
		144113C52515B04C008CB387 /* FruitRowView.swift in Sources */ = {isa = PBXBuildFile; fileRef = 144113C42515B04C008CB387 /* FruitRowView.swift */; };
		144113C92515B43A008CB387 /* FruitDetailView.swift in Sources */ = {isa = PBXBuildFile; fileRef = 144113C82515B43A008CB387 /* FruitDetailView.swift */; };
		144113CE2515B73B008CB387 /* FruitHeaderView.swift in Sources */ = {isa = PBXBuildFile; fileRef = 144113CD2515B73B008CB387 /* FruitHeaderView.swift */; };
		144113D22515B97E008CB387 /* SourceLinkView.swift in Sources */ = {isa = PBXBuildFile; fileRef = 144113D12515B97E008CB387 /* SourceLinkView.swift */; };
		144113D525164FFC008CB387 /* FruitNutrientsView.swift in Sources */ = {isa = PBXBuildFile; fileRef = 144113D425164FFC008CB387 /* FruitNutrientsView.swift */; };
		144113D825165462008CB387 /* SettingsView.swift in Sources */ = {isa = PBXBuildFile; fileRef = 144113D725165462008CB387 /* SettingsView.swift */; };
		144113DB251658D2008CB387 /* SettingsLabelView.swift in Sources */ = {isa = PBXBuildFile; fileRef = 144113DA251658D2008CB387 /* SettingsLabelView.swift */; };
		144113DE25165BA2008CB387 /* SettingsRowView.swift in Sources */ = {isa = PBXBuildFile; fileRef = 144113DD25165BA2008CB387 /* SettingsRowView.swift */; };
/* End PBXBuildFile section */

/* Begin PBXFileReference section */
		1441139825159B01008CB387 /* Fructus.app */ = {isa = PBXFileReference; explicitFileType = wrapper.application; includeInIndex = 0; path = Fructus.app; sourceTree = BUILT_PRODUCTS_DIR; };
		1441139B25159B01008CB387 /* FructusApp.swift */ = {isa = PBXFileReference; lastKnownFileType = sourcecode.swift; path = FructusApp.swift; sourceTree = "<group>"; };
		1441139D25159B01008CB387 /* ContentView.swift */ = {isa = PBXFileReference; lastKnownFileType = sourcecode.swift; path = ContentView.swift; sourceTree = "<group>"; };
		1441139F25159B02008CB387 /* Assets.xcassets */ = {isa = PBXFileReference; lastKnownFileType = folder.assetcatalog; path = Assets.xcassets; sourceTree = "<group>"; };
		144113A225159B02008CB387 /* Preview Assets.xcassets */ = {isa = PBXFileReference; lastKnownFileType = folder.assetcatalog; path = "Preview Assets.xcassets"; sourceTree = "<group>"; };
		144113A425159B02008CB387 /* Info.plist */ = {isa = PBXFileReference; lastKnownFileType = text.plist.xml; path = Info.plist; sourceTree = "<group>"; };
		144113AF25159F2B008CB387 /* FruitCardView.swift */ = {isa = PBXFileReference; lastKnownFileType = sourcecode.swift; path = FruitCardView.swift; sourceTree = "<group>"; };
		144113B32515A2D4008CB387 /* StartButtonView.swift */ = {isa = PBXFileReference; lastKnownFileType = sourcecode.swift; path = StartButtonView.swift; sourceTree = "<group>"; };
		144113B62515A5E1008CB387 /* OnboardingView.swift */ = {isa = PBXFileReference; lastKnownFileType = sourcecode.swift; path = OnboardingView.swift; sourceTree = "<group>"; };
		144113BB2515A7FE008CB387 /* FruitModel.swift */ = {isa = PBXFileReference; lastKnownFileType = sourcecode.swift; path = FruitModel.swift; sourceTree = "<group>"; };
		144113C02515A8E1008CB387 /* FruitData.swift */ = {isa = PBXFileReference; lastKnownFileType = sourcecode.swift; path = FruitData.swift; sourceTree = "<group>"; };
		144113C42515B04C008CB387 /* FruitRowView.swift */ = {isa = PBXFileReference; lastKnownFileType = sourcecode.swift; path = FruitRowView.swift; sourceTree = "<group>"; };
		144113C82515B43A008CB387 /* FruitDetailView.swift */ = {isa = PBXFileReference; lastKnownFileType = sourcecode.swift; path = FruitDetailView.swift; sourceTree = "<group>"; };
		144113CD2515B73B008CB387 /* FruitHeaderView.swift */ = {isa = PBXFileReference; lastKnownFileType = sourcecode.swift; path = FruitHeaderView.swift; sourceTree = "<group>"; };
		144113D12515B97E008CB387 /* SourceLinkView.swift */ = {isa = PBXFileReference; lastKnownFileType = sourcecode.swift; path = SourceLinkView.swift; sourceTree = "<group>"; };
		144113D425164FFC008CB387 /* FruitNutrientsView.swift */ = {isa = PBXFileReference; lastKnownFileType = sourcecode.swift; path = FruitNutrientsView.swift; sourceTree = "<group>"; };
		144113D725165462008CB387 /* SettingsView.swift */ = {isa = PBXFileReference; lastKnownFileType = sourcecode.swift; path = SettingsView.swift; sourceTree = "<group>"; };
		144113DA251658D2008CB387 /* SettingsLabelView.swift */ = {isa = PBXFileReference; lastKnownFileType = sourcecode.swift; path = SettingsLabelView.swift; sourceTree = "<group>"; };
		144113DD25165BA2008CB387 /* SettingsRowView.swift */ = {isa = PBXFileReference; lastKnownFileType = sourcecode.swift; path = SettingsRowView.swift; sourceTree = "<group>"; };
/* End PBXFileReference section */

/* Begin PBXFrameworksBuildPhase section */
		1441139525159B01008CB387 /* Frameworks */ = {
			isa = PBXFrameworksBuildPhase;
			buildActionMask = 2147483647;
			files = (
			);
			runOnlyForDeploymentPostprocessing = 0;
		};
/* End PBXFrameworksBuildPhase section */

/* Begin PBXGroup section */
		1441138F25159B01008CB387 = {
			isa = PBXGroup;
			children = (
				1441139A25159B01008CB387 /* Fructus */,
				1441139925159B01008CB387 /* Products */,
			);
			sourceTree = "<group>";
		};
		1441139925159B01008CB387 /* Products */ = {
			isa = PBXGroup;
			children = (
				1441139825159B01008CB387 /* Fructus.app */,
			);
			name = Products;
			sourceTree = "<group>";
		};
		1441139A25159B01008CB387 /* Fructus */ = {
			isa = PBXGroup;
			children = (
				144113BF2515A8CA008CB387 /* Data */,
				144113BA2515A7E7008CB387 /* Model */,
				144113AE25159EFF008CB387 /* View */,
				144113AC25159ED0008CB387 /* App */,
				1441139F25159B02008CB387 /* Assets.xcassets */,
				144113A425159B02008CB387 /* Info.plist */,
				144113A125159B02008CB387 /* Preview Content */,
			);
			path = Fructus;
			sourceTree = "<group>";
		};
		144113A125159B02008CB387 /* Preview Content */ = {
			isa = PBXGroup;
			children = (
				144113A225159B02008CB387 /* Preview Assets.xcassets */,
			);
			path = "Preview Content";
			sourceTree = "<group>";
		};
		144113AC25159ED0008CB387 /* App */ = {
			isa = PBXGroup;
			children = (
				1441139B25159B01008CB387 /* FructusApp.swift */,
				1441139D25159B01008CB387 /* ContentView.swift */,
				144113B62515A5E1008CB387 /* OnboardingView.swift */,
				144113C82515B43A008CB387 /* FruitDetailView.swift */,
				144113D725165462008CB387 /* SettingsView.swift */,
			);
			path = App;
			sourceTree = "<group>";
		};
		144113AE25159EFF008CB387 /* View */ = {
			isa = PBXGroup;
			children = (
				144113AF25159F2B008CB387 /* FruitCardView.swift */,
				144113B32515A2D4008CB387 /* StartButtonView.swift */,
				144113C42515B04C008CB387 /* FruitRowView.swift */,
				144113CD2515B73B008CB387 /* FruitHeaderView.swift */,
				144113D12515B97E008CB387 /* SourceLinkView.swift */,
				144113D425164FFC008CB387 /* FruitNutrientsView.swift */,
				144113DA251658D2008CB387 /* SettingsLabelView.swift */,
				144113DD25165BA2008CB387 /* SettingsRowView.swift */,
			);
			path = View;
			sourceTree = "<group>";
		};
		144113BA2515A7E7008CB387 /* Model */ = {
			isa = PBXGroup;
			children = (
				144113BB2515A7FE008CB387 /* FruitModel.swift */,
			);
			path = Model;
			sourceTree = "<group>";
		};
		144113BF2515A8CA008CB387 /* Data */ = {
			isa = PBXGroup;
			children = (
				144113C02515A8E1008CB387 /* FruitData.swift */,
			);
			path = Data;
			sourceTree = "<group>";
		};
/* End PBXGroup section */

/* Begin PBXNativeTarget section */
		1441139725159B01008CB387 /* Fructus */ = {
			isa = PBXNativeTarget;
			buildConfigurationList = 144113A725159B02008CB387 /* Build configuration list for PBXNativeTarget "Fructus" */;
			buildPhases = (
				1441139425159B01008CB387 /* Sources */,
				1441139525159B01008CB387 /* Frameworks */,
				1441139625159B01008CB387 /* Resources */,
			);
			buildRules = (
			);
			dependencies = (
			);
			name = Fructus;
			productName = Fructus;
			productReference = 1441139825159B01008CB387 /* Fructus.app */;
			productType = "com.apple.product-type.application";
		};
/* End PBXNativeTarget section */

/* Begin PBXProject section */
		1441139025159B01008CB387 /* Project object */ = {
			isa = PBXProject;
			attributes = {
				LastSwiftUpdateCheck = 1200;
				LastUpgradeCheck = 1200;
				TargetAttributes = {
					1441139725159B01008CB387 = {
						CreatedOnToolsVersion = 12.0;
					};
				};
			};
			buildConfigurationList = 1441139325159B01008CB387 /* Build configuration list for PBXProject "Fructus" */;
			compatibilityVersion = "Xcode 9.3";
			developmentRegion = en;
			hasScannedForEncodings = 0;
			knownRegions = (
				en,
				Base,
			);
			mainGroup = 1441138F25159B01008CB387;
			productRefGroup = 1441139925159B01008CB387 /* Products */;
			projectDirPath = "";
			projectRoot = "";
			targets = (
				1441139725159B01008CB387 /* Fructus */,
			);
		};
/* End PBXProject section */

/* Begin PBXResourcesBuildPhase section */
		1441139625159B01008CB387 /* Resources */ = {
			isa = PBXResourcesBuildPhase;
			buildActionMask = 2147483647;
			files = (
				144113A325159B02008CB387 /* Preview Assets.xcassets in Resources */,
				144113A025159B02008CB387 /* Assets.xcassets in Resources */,
			);
			runOnlyForDeploymentPostprocessing = 0;
		};
/* End PBXResourcesBuildPhase section */

/* Begin PBXSourcesBuildPhase section */
		1441139425159B01008CB387 /* Sources */ = {
			isa = PBXSourcesBuildPhase;
			buildActionMask = 2147483647;
			files = (
				144113C12515A8E1008CB387 /* FruitData.swift in Sources */,
				144113D22515B97E008CB387 /* SourceLinkView.swift in Sources */,
				144113DE25165BA2008CB387 /* SettingsRowView.swift in Sources */,
				144113B72515A5E1008CB387 /* OnboardingView.swift in Sources */,
				144113C52515B04C008CB387 /* FruitRowView.swift in Sources */,
				144113D525164FFC008CB387 /* FruitNutrientsView.swift in Sources */,
				144113B025159F2B008CB387 /* FruitCardView.swift in Sources */,
				144113C92515B43A008CB387 /* FruitDetailView.swift in Sources */,
				144113B42515A2D4008CB387 /* StartButtonView.swift in Sources */,
				144113CE2515B73B008CB387 /* FruitHeaderView.swift in Sources */,
				1441139E25159B01008CB387 /* ContentView.swift in Sources */,
				144113DB251658D2008CB387 /* SettingsLabelView.swift in Sources */,
				144113BC2515A7FE008CB387 /* FruitModel.swift in Sources */,
				1441139C25159B01008CB387 /* FructusApp.swift in Sources */,
				144113D825165462008CB387 /* SettingsView.swift in Sources */,
			);
			runOnlyForDeploymentPostprocessing = 0;
		};
/* End PBXSourcesBuildPhase section */

/* Begin XCBuildConfiguration section */
		144113A525159B02008CB387 /* Debug */ = {
			isa = XCBuildConfiguration;
			buildSettings = {
				ALWAYS_SEARCH_USER_PATHS = NO;
				CLANG_ANALYZER_NONNULL = YES;
				CLANG_ANALYZER_NUMBER_OBJECT_CONVERSION = YES_AGGRESSIVE;
				CLANG_CXX_LANGUAGE_STANDARD = "gnu++14";
				CLANG_CXX_LIBRARY = "libc++";
				CLANG_ENABLE_MODULES = YES;
				CLANG_ENABLE_OBJC_ARC = YES;
				CLANG_ENABLE_OBJC_WEAK = YES;
				CLANG_WARN_BLOCK_CAPTURE_AUTORELEASING = YES;
				CLANG_WARN_BOOL_CONVERSION = YES;
				CLANG_WARN_COMMA = YES;
				CLANG_WARN_CONSTANT_CONVERSION = YES;
				CLANG_WARN_DEPRECATED_OBJC_IMPLEMENTATIONS = YES;
				CLANG_WARN_DIRECT_OBJC_ISA_USAGE = YES_ERROR;
				CLANG_WARN_DOCUMENTATION_COMMENTS = YES;
				CLANG_WARN_EMPTY_BODY = YES;
				CLANG_WARN_ENUM_CONVERSION = YES;
				CLANG_WARN_INFINITE_RECURSION = YES;
				CLANG_WARN_INT_CONVERSION = YES;
				CLANG_WARN_NON_LITERAL_NULL_CONVERSION = YES;
				CLANG_WARN_OBJC_IMPLICIT_RETAIN_SELF = YES;
				CLANG_WARN_OBJC_LITERAL_CONVERSION = YES;
				CLANG_WARN_OBJC_ROOT_CLASS = YES_ERROR;
				CLANG_WARN_QUOTED_INCLUDE_IN_FRAMEWORK_HEADER = YES;
				CLANG_WARN_RANGE_LOOP_ANALYSIS = YES;
				CLANG_WARN_STRICT_PROTOTYPES = YES;
				CLANG_WARN_SUSPICIOUS_MOVE = YES;
				CLANG_WARN_UNGUARDED_AVAILABILITY = YES_AGGRESSIVE;
				CLANG_WARN_UNREACHABLE_CODE = YES;
				CLANG_WARN__DUPLICATE_METHOD_MATCH = YES;
				COPY_PHASE_STRIP = NO;
				DEBUG_INFORMATION_FORMAT = dwarf;
				ENABLE_STRICT_OBJC_MSGSEND = YES;
				ENABLE_TESTABILITY = YES;
				GCC_C_LANGUAGE_STANDARD = gnu11;
				GCC_DYNAMIC_NO_PIC = NO;
				GCC_NO_COMMON_BLOCKS = YES;
				GCC_OPTIMIZATION_LEVEL = 0;
				GCC_PREPROCESSOR_DEFINITIONS = (
					"DEBUG=1",
					"$(inherited)",
				);
				GCC_WARN_64_TO_32_BIT_CONVERSION = YES;
				GCC_WARN_ABOUT_RETURN_TYPE = YES_ERROR;
				GCC_WARN_UNDECLARED_SELECTOR = YES;
				GCC_WARN_UNINITIALIZED_AUTOS = YES_AGGRESSIVE;
				GCC_WARN_UNUSED_FUNCTION = YES;
				GCC_WARN_UNUSED_VARIABLE = YES;
				IPHONEOS_DEPLOYMENT_TARGET = 14.0;
				MTL_ENABLE_DEBUG_INFO = INCLUDE_SOURCE;
				MTL_FAST_MATH = YES;
				ONLY_ACTIVE_ARCH = YES;
				SDKROOT = iphoneos;
				SWIFT_ACTIVE_COMPILATION_CONDITIONS = DEBUG;
				SWIFT_OPTIMIZATION_LEVEL = "-Onone";
			};
			name = Debug;
		};
		144113A625159B02008CB387 /* Release */ = {
			isa = XCBuildConfiguration;
			buildSettings = {
				ALWAYS_SEARCH_USER_PATHS = NO;
				CLANG_ANALYZER_NONNULL = YES;
				CLANG_ANALYZER_NUMBER_OBJECT_CONVERSION = YES_AGGRESSIVE;
				CLANG_CXX_LANGUAGE_STANDARD = "gnu++14";
				CLANG_CXX_LIBRARY = "libc++";
				CLANG_ENABLE_MODULES = YES;
				CLANG_ENABLE_OBJC_ARC = YES;
				CLANG_ENABLE_OBJC_WEAK = YES;
				CLANG_WARN_BLOCK_CAPTURE_AUTORELEASING = YES;
				CLANG_WARN_BOOL_CONVERSION = YES;
				CLANG_WARN_COMMA = YES;
				CLANG_WARN_CONSTANT_CONVERSION = YES;
				CLANG_WARN_DEPRECATED_OBJC_IMPLEMENTATIONS = YES;
				CLANG_WARN_DIRECT_OBJC_ISA_USAGE = YES_ERROR;
				CLANG_WARN_DOCUMENTATION_COMMENTS = YES;
				CLANG_WARN_EMPTY_BODY = YES;
				CLANG_WARN_ENUM_CONVERSION = YES;
				CLANG_WARN_INFINITE_RECURSION = YES;
				CLANG_WARN_INT_CONVERSION = YES;
				CLANG_WARN_NON_LITERAL_NULL_CONVERSION = YES;
				CLANG_WARN_OBJC_IMPLICIT_RETAIN_SELF = YES;
				CLANG_WARN_OBJC_LITERAL_CONVERSION = YES;
				CLANG_WARN_OBJC_ROOT_CLASS = YES_ERROR;
				CLANG_WARN_QUOTED_INCLUDE_IN_FRAMEWORK_HEADER = YES;
				CLANG_WARN_RANGE_LOOP_ANALYSIS = YES;
				CLANG_WARN_STRICT_PROTOTYPES = YES;
				CLANG_WARN_SUSPICIOUS_MOVE = YES;
				CLANG_WARN_UNGUARDED_AVAILABILITY = YES_AGGRESSIVE;
				CLANG_WARN_UNREACHABLE_CODE = YES;
				CLANG_WARN__DUPLICATE_METHOD_MATCH = YES;
				COPY_PHASE_STRIP = NO;
				DEBUG_INFORMATION_FORMAT = "dwarf-with-dsym";
				ENABLE_NS_ASSERTIONS = NO;
				ENABLE_STRICT_OBJC_MSGSEND = YES;
				GCC_C_LANGUAGE_STANDARD = gnu11;
				GCC_NO_COMMON_BLOCKS = YES;
				GCC_WARN_64_TO_32_BIT_CONVERSION = YES;
				GCC_WARN_ABOUT_RETURN_TYPE = YES_ERROR;
				GCC_WARN_UNDECLARED_SELECTOR = YES;
				GCC_WARN_UNINITIALIZED_AUTOS = YES_AGGRESSIVE;
				GCC_WARN_UNUSED_FUNCTION = YES;
				GCC_WARN_UNUSED_VARIABLE = YES;
				IPHONEOS_DEPLOYMENT_TARGET = 14.0;
				MTL_ENABLE_DEBUG_INFO = NO;
				MTL_FAST_MATH = YES;
				SDKROOT = iphoneos;
				SWIFT_COMPILATION_MODE = wholemodule;
				SWIFT_OPTIMIZATION_LEVEL = "-O";
				VALIDATE_PRODUCT = YES;
			};
			name = Release;
		};
		144113A825159B02008CB387 /* Debug */ = {
			isa = XCBuildConfiguration;
			buildSettings = {
				ASSETCATALOG_COMPILER_APPICON_NAME = AppIcon;
				ASSETCATALOG_COMPILER_GLOBAL_ACCENT_COLOR_NAME = AccentColor;
				CODE_SIGN_STYLE = Automatic;
				DEVELOPMENT_ASSET_PATHS = "\"Fructus/Preview Content\"";
				DEVELOPMENT_TEAM = MHF5J99K4S;
				ENABLE_PREVIEWS = YES;
				INFOPLIST_FILE = Fructus/Info.plist;
				IPHONEOS_DEPLOYMENT_TARGET = 14.0;
				LD_RUNPATH_SEARCH_PATHS = (
					"$(inherited)",
					"@executable_path/Frameworks",
				);
				PRODUCT_BUNDLE_IDENTIFIER = com.seanglavin.Fructus;
				PRODUCT_NAME = "$(TARGET_NAME)";
				SWIFT_VERSION = 5.0;
				TARGETED_DEVICE_FAMILY = "1,2";
			};
			name = Debug;
		};
		144113A925159B02008CB387 /* Release */ = {
			isa = XCBuildConfiguration;
			buildSettings = {
				ASSETCATALOG_COMPILER_APPICON_NAME = AppIcon;
				ASSETCATALOG_COMPILER_GLOBAL_ACCENT_COLOR_NAME = AccentColor;
				CODE_SIGN_STYLE = Automatic;
				DEVELOPMENT_ASSET_PATHS = "\"Fructus/Preview Content\"";
				DEVELOPMENT_TEAM = MHF5J99K4S;
				ENABLE_PREVIEWS = YES;
				INFOPLIST_FILE = Fructus/Info.plist;
				IPHONEOS_DEPLOYMENT_TARGET = 14.0;
				LD_RUNPATH_SEARCH_PATHS = (
					"$(inherited)",
					"@executable_path/Frameworks",
				);
				PRODUCT_BUNDLE_IDENTIFIER = com.seanglavin.Fructus;
				PRODUCT_NAME = "$(TARGET_NAME)";
				SWIFT_VERSION = 5.0;
				TARGETED_DEVICE_FAMILY = "1,2";
			};
			name = Release;
		};
/* End XCBuildConfiguration section */

/* Begin XCConfigurationList section */
		1441139325159B01008CB387 /* Build configuration list for PBXProject "Fructus" */ = {
			isa = XCConfigurationList;
			buildConfigurations = (
				144113A525159B02008CB387 /* Debug */,
				144113A625159B02008CB387 /* Release */,
			);
			defaultConfigurationIsVisible = 0;
			defaultConfigurationName = Release;
		};
		144113A725159B02008CB387 /* Build configuration list for PBXNativeTarget "Fructus" */ = {
			isa = XCConfigurationList;
			buildConfigurations = (
				144113A825159B02008CB387 /* Debug */,
				144113A925159B02008CB387 /* Release */,
			);
			defaultConfigurationIsVisible = 0;
			defaultConfigurationName = Release;
		};
/* End XCConfigurationList section */
	};
	rootObject = 1441139025159B01008CB387 /* Project object */;
}
